
Microsoft Visual Studio Solution File, Format Version 12.00
# Visual Studio 15
VisualStudioVersion = 15.0.27705.2000
MinimumVisualStudioVersion = 10.0.40219.1
Project("{A07B5EB6-E848-4116-A8D0-A826331D98C6}") = "iRentCar", "iRentCar\iRentCar.sfproj", "{380F7A3A-6F81-4302-BCD4-7AB3AA47D329}"
EndProject
Project("{9A19103F-16F7-4668-BE54-9A1E7A4F7556}") = "iRentCar.UserActor", "Actors\iRentCar.UserActor\iRentCar.UserActor.csproj", "{9C3718A0-873C-4ABE-A7E6-DE1B411E9755}"
EndProject
Project("{9A19103F-16F7-4668-BE54-9A1E7A4F7556}") = "iRentCar.UserActor.Interfaces", "Actors\iRentCar.UserActor.Interfaces\iRentCar.UserActor.Interfaces.csproj", "{13B6852C-AB28-4BE1-BB9D-1DB06D5622F7}"
EndProject
Project("{2150E333-8FDC-42A3-9474-1A3956D46DE8}") = "Actors", "Actors", "{A3FC0F3E-BC48-4CDF-8B67-C0C53330A050}"
EndProject
Project("{9A19103F-16F7-4668-BE54-9A1E7A4F7556}") = "iRentCar.Core", "iRentCar.Core\iRentCar.Core.csproj", "{AE703DF8-512D-4545-BD8E-C5B8900CE19D}"
EndProject
Project("{2150E333-8FDC-42A3-9474-1A3956D46DE8}") = "Services", "Services", "{445204CB-9330-4BFB-B3AE-3AFCF13A3B99}"
EndProject
Project("{9A19103F-16F7-4668-BE54-9A1E7A4F7556}") = "iRentCar.VehiclesService", "Services\iRentCar.VehiclesService\iRentCar.VehiclesService.csproj", "{FC700B7C-F230-4037-BD4E-D23299E7C30A}"
EndProject
Project("{9A19103F-16F7-4668-BE54-9A1E7A4F7556}") = "iRentCar.VehiclesService.Interfaces", "Services\iRentCar.VehiclesSerive.Interfaces\iRentCar.VehiclesService.Interfaces.csproj", "{DBA7AA21-B800-4E96-9968-8691940C67BB}"
EndProject
Project("{2150E333-8FDC-42A3-9474-1A3956D46DE8}") = "Test", "Test", "{5003E640-BF0C-4A20-BA13-1E26BC33AC2E}"
EndProject
Project("{9A19103F-16F7-4668-BE54-9A1E7A4F7556}") = "TestConsole", "Test\TestConsole\TestConsole.csproj", "{36A6334F-7154-4E12-A8C5-4439C1C72958}"
EndProject
Project("{9A19103F-16F7-4668-BE54-9A1E7A4F7556}") = "iRentCar.FrontEnd", "Services\iRentCar.FrontEnd\iRentCar.FrontEnd.csproj", "{5039F510-BFDC-4297-85BE-FD5A010DF433}"
EndProject
Project("{9A19103F-16F7-4668-BE54-9A1E7A4F7556}") = "iRentCar.VehicleActor", "Actors\iRentCar.VehicleActor\iRentCar.VehicleActor.csproj", "{5F997609-441B-45AF-BD67-20C6AB45F7C0}"
EndProject
Project("{9A19103F-16F7-4668-BE54-9A1E7A4F7556}") = "iRentCar.VehicleActor.Interfaces", "Actors\iRentCar.VehicleActor.Interfaces\iRentCar.VehicleActor.Interfaces.csproj", "{1072C789-8EBE-49BF-BC72-97E546FBC860}"
EndProject
Project("{9A19103F-16F7-4668-BE54-9A1E7A4F7556}") = "iRentCar.InvoicesService", "Services\iRentCar.InvoicesService\iRentCar.InvoicesService.csproj", "{00DF4702-EF94-4EF4-83B7-D2B6B645140C}"
EndProject
Project("{9A19103F-16F7-4668-BE54-9A1E7A4F7556}") = "iRentCar.InvoicesService.Interfaces", "Services\iRentCar.InvoicesService.Interfaces\iRentCar.InvoicesService.Interfaces.csproj", "{2056A9BE-453A-48BB-A4DE-19FA2BC002BD}"
EndProject
Project("{9A19103F-16F7-4668-BE54-9A1E7A4F7556}") = "iRentCar.InvoiceActor", "Actors\iRentCar.InvoiceActor\iRentCar.InvoiceActor.csproj", "{5F63F959-0C8B-4D9D-897E-4E7FD1A3238C}"
EndProject
Project("{9A19103F-16F7-4668-BE54-9A1E7A4F7556}") = "iRentCar.InvoiceActor.Interfaces", "Actors\iRentCar.InvoiceActor.Interfaces\iRentCar.InvoiceActor.Interfaces.csproj", "{3109BEED-58F9-4AC5-9DAC-62C9D8F3C9E1}"
EndProject
Project("{FAE04EC0-301F-11D3-BF4B-00C04F79EFBC}") = "iRentCar.InvoiceActor.Test", "Test\iRentCar.InvoiceActor.Test\iRentCar.InvoiceActor.Test.csproj", "{8DD2BF0F-E901-436A-B2C6-265DB85FC1F9}"
EndProject
Global
	GlobalSection(SolutionConfigurationPlatforms) = preSolution
		Debug|Any CPU = Debug|Any CPU
		Debug|x64 = Debug|x64
		Release|Any CPU = Release|Any CPU
		Release|x64 = Release|x64
	EndGlobalSection
	GlobalSection(ProjectConfigurationPlatforms) = postSolution
		{380F7A3A-6F81-4302-BCD4-7AB3AA47D329}.Debug|Any CPU.ActiveCfg = Debug|x64
		{380F7A3A-6F81-4302-BCD4-7AB3AA47D329}.Debug|Any CPU.Build.0 = Debug|x64
		{380F7A3A-6F81-4302-BCD4-7AB3AA47D329}.Debug|Any CPU.Deploy.0 = Debug|x64
		{380F7A3A-6F81-4302-BCD4-7AB3AA47D329}.Debug|x64.ActiveCfg = Debug|x64
		{380F7A3A-6F81-4302-BCD4-7AB3AA47D329}.Debug|x64.Build.0 = Debug|x64
		{380F7A3A-6F81-4302-BCD4-7AB3AA47D329}.Debug|x64.Deploy.0 = Debug|x64
		{380F7A3A-6F81-4302-BCD4-7AB3AA47D329}.Release|Any CPU.ActiveCfg = Release|x64
		{380F7A3A-6F81-4302-BCD4-7AB3AA47D329}.Release|x64.ActiveCfg = Release|x64
		{380F7A3A-6F81-4302-BCD4-7AB3AA47D329}.Release|x64.Build.0 = Release|x64
		{380F7A3A-6F81-4302-BCD4-7AB3AA47D329}.Release|x64.Deploy.0 = Release|x64
		{9C3718A0-873C-4ABE-A7E6-DE1B411E9755}.Debug|Any CPU.ActiveCfg = Debug|Any CPU
		{9C3718A0-873C-4ABE-A7E6-DE1B411E9755}.Debug|Any CPU.Build.0 = Debug|Any CPU
		{9C3718A0-873C-4ABE-A7E6-DE1B411E9755}.Debug|x64.ActiveCfg = Debug|Any CPU
		{9C3718A0-873C-4ABE-A7E6-DE1B411E9755}.Debug|x64.Build.0 = Debug|Any CPU
		{9C3718A0-873C-4ABE-A7E6-DE1B411E9755}.Release|Any CPU.ActiveCfg = Release|Any CPU
		{9C3718A0-873C-4ABE-A7E6-DE1B411E9755}.Release|Any CPU.Build.0 = Release|Any CPU
		{9C3718A0-873C-4ABE-A7E6-DE1B411E9755}.Release|x64.ActiveCfg = Release|Any CPU
		{9C3718A0-873C-4ABE-A7E6-DE1B411E9755}.Release|x64.Build.0 = Release|Any CPU
		{13B6852C-AB28-4BE1-BB9D-1DB06D5622F7}.Debug|Any CPU.ActiveCfg = Debug|Any CPU
		{13B6852C-AB28-4BE1-BB9D-1DB06D5622F7}.Debug|Any CPU.Build.0 = Debug|Any CPU
		{13B6852C-AB28-4BE1-BB9D-1DB06D5622F7}.Debug|x64.ActiveCfg = Debug|Any CPU
		{13B6852C-AB28-4BE1-BB9D-1DB06D5622F7}.Debug|x64.Build.0 = Debug|Any CPU
		{13B6852C-AB28-4BE1-BB9D-1DB06D5622F7}.Release|Any CPU.ActiveCfg = Release|Any CPU
		{13B6852C-AB28-4BE1-BB9D-1DB06D5622F7}.Release|Any CPU.Build.0 = Release|Any CPU
		{13B6852C-AB28-4BE1-BB9D-1DB06D5622F7}.Release|x64.ActiveCfg = Release|Any CPU
		{13B6852C-AB28-4BE1-BB9D-1DB06D5622F7}.Release|x64.Build.0 = Release|Any CPU
		{AE703DF8-512D-4545-BD8E-C5B8900CE19D}.Debug|Any CPU.ActiveCfg = Debug|Any CPU
		{AE703DF8-512D-4545-BD8E-C5B8900CE19D}.Debug|Any CPU.Build.0 = Debug|Any CPU
		{AE703DF8-512D-4545-BD8E-C5B8900CE19D}.Debug|x64.ActiveCfg = Debug|Any CPU
		{AE703DF8-512D-4545-BD8E-C5B8900CE19D}.Debug|x64.Build.0 = Debug|Any CPU
		{AE703DF8-512D-4545-BD8E-C5B8900CE19D}.Release|Any CPU.ActiveCfg = Release|Any CPU
		{AE703DF8-512D-4545-BD8E-C5B8900CE19D}.Release|Any CPU.Build.0 = Release|Any CPU
		{AE703DF8-512D-4545-BD8E-C5B8900CE19D}.Release|x64.ActiveCfg = Release|Any CPU
		{AE703DF8-512D-4545-BD8E-C5B8900CE19D}.Release|x64.Build.0 = Release|Any CPU
		{FC700B7C-F230-4037-BD4E-D23299E7C30A}.Debug|Any CPU.ActiveCfg = Debug|Any CPU
		{FC700B7C-F230-4037-BD4E-D23299E7C30A}.Debug|Any CPU.Build.0 = Debug|Any CPU
		{FC700B7C-F230-4037-BD4E-D23299E7C30A}.Debug|x64.ActiveCfg = Debug|Any CPU
		{FC700B7C-F230-4037-BD4E-D23299E7C30A}.Debug|x64.Build.0 = Debug|Any CPU
		{FC700B7C-F230-4037-BD4E-D23299E7C30A}.Release|Any CPU.ActiveCfg = Release|Any CPU
		{FC700B7C-F230-4037-BD4E-D23299E7C30A}.Release|Any CPU.Build.0 = Release|Any CPU
		{FC700B7C-F230-4037-BD4E-D23299E7C30A}.Release|x64.ActiveCfg = Release|Any CPU
		{FC700B7C-F230-4037-BD4E-D23299E7C30A}.Release|x64.Build.0 = Release|Any CPU
		{DBA7AA21-B800-4E96-9968-8691940C67BB}.Debug|Any CPU.ActiveCfg = Debug|Any CPU
		{DBA7AA21-B800-4E96-9968-8691940C67BB}.Debug|Any CPU.Build.0 = Debug|Any CPU
		{DBA7AA21-B800-4E96-9968-8691940C67BB}.Debug|x64.ActiveCfg = Debug|Any CPU
		{DBA7AA21-B800-4E96-9968-8691940C67BB}.Debug|x64.Build.0 = Debug|Any CPU
		{DBA7AA21-B800-4E96-9968-8691940C67BB}.Release|Any CPU.ActiveCfg = Release|Any CPU
		{DBA7AA21-B800-4E96-9968-8691940C67BB}.Release|Any CPU.Build.0 = Release|Any CPU
		{DBA7AA21-B800-4E96-9968-8691940C67BB}.Release|x64.ActiveCfg = Release|Any CPU
		{DBA7AA21-B800-4E96-9968-8691940C67BB}.Release|x64.Build.0 = Release|Any CPU
		{36A6334F-7154-4E12-A8C5-4439C1C72958}.Debug|Any CPU.ActiveCfg = Debug|Any CPU
		{36A6334F-7154-4E12-A8C5-4439C1C72958}.Debug|Any CPU.Build.0 = Debug|Any CPU
		{36A6334F-7154-4E12-A8C5-4439C1C72958}.Debug|x64.ActiveCfg = Debug|Any CPU
		{36A6334F-7154-4E12-A8C5-4439C1C72958}.Debug|x64.Build.0 = Debug|Any CPU
		{36A6334F-7154-4E12-A8C5-4439C1C72958}.Release|Any CPU.ActiveCfg = Release|Any CPU
		{36A6334F-7154-4E12-A8C5-4439C1C72958}.Release|Any CPU.Build.0 = Release|Any CPU
		{36A6334F-7154-4E12-A8C5-4439C1C72958}.Release|x64.ActiveCfg = Release|Any CPU
		{36A6334F-7154-4E12-A8C5-4439C1C72958}.Release|x64.Build.0 = Release|Any CPU
		{5039F510-BFDC-4297-85BE-FD5A010DF433}.Debug|Any CPU.ActiveCfg = Debug|Any CPU
		{5039F510-BFDC-4297-85BE-FD5A010DF433}.Debug|Any CPU.Build.0 = Debug|Any CPU
		{5039F510-BFDC-4297-85BE-FD5A010DF433}.Debug|x64.ActiveCfg = Debug|Any CPU
		{5039F510-BFDC-4297-85BE-FD5A010DF433}.Debug|x64.Build.0 = Debug|Any CPU
		{5039F510-BFDC-4297-85BE-FD5A010DF433}.Release|Any CPU.ActiveCfg = Release|Any CPU
		{5039F510-BFDC-4297-85BE-FD5A010DF433}.Release|Any CPU.Build.0 = Release|Any CPU
		{5039F510-BFDC-4297-85BE-FD5A010DF433}.Release|x64.ActiveCfg = Release|Any CPU
		{5039F510-BFDC-4297-85BE-FD5A010DF433}.Release|x64.Build.0 = Release|Any CPU
		{5F997609-441B-45AF-BD67-20C6AB45F7C0}.Debug|Any CPU.ActiveCfg = Debug|Any CPU
		{5F997609-441B-45AF-BD67-20C6AB45F7C0}.Debug|Any CPU.Build.0 = Debug|Any CPU
		{5F997609-441B-45AF-BD67-20C6AB45F7C0}.Debug|x64.ActiveCfg = Debug|Any CPU
		{5F997609-441B-45AF-BD67-20C6AB45F7C0}.Debug|x64.Build.0 = Debug|Any CPU
		{5F997609-441B-45AF-BD67-20C6AB45F7C0}.Release|Any CPU.ActiveCfg = Release|Any CPU
		{5F997609-441B-45AF-BD67-20C6AB45F7C0}.Release|Any CPU.Build.0 = Release|Any CPU
		{5F997609-441B-45AF-BD67-20C6AB45F7C0}.Release|x64.ActiveCfg = Release|Any CPU
		{5F997609-441B-45AF-BD67-20C6AB45F7C0}.Release|x64.Build.0 = Release|Any CPU
		{1072C789-8EBE-49BF-BC72-97E546FBC860}.Debug|Any CPU.ActiveCfg = Debug|Any CPU
		{1072C789-8EBE-49BF-BC72-97E546FBC860}.Debug|Any CPU.Build.0 = Debug|Any CPU
		{1072C789-8EBE-49BF-BC72-97E546FBC860}.Debug|x64.ActiveCfg = Debug|Any CPU
		{1072C789-8EBE-49BF-BC72-97E546FBC860}.Debug|x64.Build.0 = Debug|Any CPU
		{1072C789-8EBE-49BF-BC72-97E546FBC860}.Release|Any CPU.ActiveCfg = Release|Any CPU
		{1072C789-8EBE-49BF-BC72-97E546FBC860}.Release|Any CPU.Build.0 = Release|Any CPU
		{1072C789-8EBE-49BF-BC72-97E546FBC860}.Release|x64.ActiveCfg = Release|Any CPU
		{1072C789-8EBE-49BF-BC72-97E546FBC860}.Release|x64.Build.0 = Release|Any CPU
		{00DF4702-EF94-4EF4-83B7-D2B6B645140C}.Debug|Any CPU.ActiveCfg = Debug|Any CPU
		{00DF4702-EF94-4EF4-83B7-D2B6B645140C}.Debug|Any CPU.Build.0 = Debug|Any CPU
		{00DF4702-EF94-4EF4-83B7-D2B6B645140C}.Debug|x64.ActiveCfg = Debug|Any CPU
		{00DF4702-EF94-4EF4-83B7-D2B6B645140C}.Debug|x64.Build.0 = Debug|Any CPU
		{00DF4702-EF94-4EF4-83B7-D2B6B645140C}.Release|Any CPU.ActiveCfg = Release|Any CPU
		{00DF4702-EF94-4EF4-83B7-D2B6B645140C}.Release|Any CPU.Build.0 = Release|Any CPU
		{00DF4702-EF94-4EF4-83B7-D2B6B645140C}.Release|x64.ActiveCfg = Release|Any CPU
		{00DF4702-EF94-4EF4-83B7-D2B6B645140C}.Release|x64.Build.0 = Release|Any CPU
		{2056A9BE-453A-48BB-A4DE-19FA2BC002BD}.Debug|Any CPU.ActiveCfg = Debug|Any CPU
		{2056A9BE-453A-48BB-A4DE-19FA2BC002BD}.Debug|Any CPU.Build.0 = Debug|Any CPU
		{2056A9BE-453A-48BB-A4DE-19FA2BC002BD}.Debug|x64.ActiveCfg = Debug|Any CPU
		{2056A9BE-453A-48BB-A4DE-19FA2BC002BD}.Debug|x64.Build.0 = Debug|Any CPU
		{2056A9BE-453A-48BB-A4DE-19FA2BC002BD}.Release|Any CPU.ActiveCfg = Release|Any CPU
		{2056A9BE-453A-48BB-A4DE-19FA2BC002BD}.Release|Any CPU.Build.0 = Release|Any CPU
		{2056A9BE-453A-48BB-A4DE-19FA2BC002BD}.Release|x64.ActiveCfg = Release|Any CPU
		{2056A9BE-453A-48BB-A4DE-19FA2BC002BD}.Release|x64.Build.0 = Release|Any CPU
		{5F63F959-0C8B-4D9D-897E-4E7FD1A3238C}.Debug|Any CPU.ActiveCfg = Debug|Any CPU
		{5F63F959-0C8B-4D9D-897E-4E7FD1A3238C}.Debug|Any CPU.Build.0 = Debug|Any CPU
		{5F63F959-0C8B-4D9D-897E-4E7FD1A3238C}.Debug|x64.ActiveCfg = Debug|Any CPU
		{5F63F959-0C8B-4D9D-897E-4E7FD1A3238C}.Debug|x64.Build.0 = Debug|Any CPU
		{5F63F959-0C8B-4D9D-897E-4E7FD1A3238C}.Release|Any CPU.ActiveCfg = Release|Any CPU
		{5F63F959-0C8B-4D9D-897E-4E7FD1A3238C}.Release|Any CPU.Build.0 = Release|Any CPU
		{5F63F959-0C8B-4D9D-897E-4E7FD1A3238C}.Release|x64.ActiveCfg = Release|Any CPU
		{5F63F959-0C8B-4D9D-897E-4E7FD1A3238C}.Release|x64.Build.0 = Release|Any CPU
		{3109BEED-58F9-4AC5-9DAC-62C9D8F3C9E1}.Debug|Any CPU.ActiveCfg = Debug|Any CPU
		{3109BEED-58F9-4AC5-9DAC-62C9D8F3C9E1}.Debug|Any CPU.Build.0 = Debug|Any CPU
		{3109BEED-58F9-4AC5-9DAC-62C9D8F3C9E1}.Debug|x64.ActiveCfg = Debug|Any CPU
		{3109BEED-58F9-4AC5-9DAC-62C9D8F3C9E1}.Debug|x64.Build.0 = Debug|Any CPU
		{3109BEED-58F9-4AC5-9DAC-62C9D8F3C9E1}.Release|Any CPU.ActiveCfg = Release|Any CPU
		{3109BEED-58F9-4AC5-9DAC-62C9D8F3C9E1}.Release|Any CPU.Build.0 = Release|Any CPU
		{3109BEED-58F9-4AC5-9DAC-62C9D8F3C9E1}.Release|x64.ActiveCfg = Release|Any CPU
		{3109BEED-58F9-4AC5-9DAC-62C9D8F3C9E1}.Release|x64.Build.0 = Release|Any CPU
		{8DD2BF0F-E901-436A-B2C6-265DB85FC1F9}.Debug|Any CPU.ActiveCfg = Debug|Any CPU
		{8DD2BF0F-E901-436A-B2C6-265DB85FC1F9}.Debug|Any CPU.Build.0 = Debug|Any CPU
		{8DD2BF0F-E901-436A-B2C6-265DB85FC1F9}.Debug|x64.ActiveCfg = Debug|Any CPU
		{8DD2BF0F-E901-436A-B2C6-265DB85FC1F9}.Debug|x64.Build.0 = Debug|Any CPU
		{8DD2BF0F-E901-436A-B2C6-265DB85FC1F9}.Release|Any CPU.ActiveCfg = Release|Any CPU
		{8DD2BF0F-E901-436A-B2C6-265DB85FC1F9}.Release|Any CPU.Build.0 = Release|Any CPU
		{8DD2BF0F-E901-436A-B2C6-265DB85FC1F9}.Release|x64.ActiveCfg = Release|Any CPU
		{8DD2BF0F-E901-436A-B2C6-265DB85FC1F9}.Release|x64.Build.0 = Release|Any CPU
	EndGlobalSection
	GlobalSection(SolutionProperties) = preSolution
		HideSolutionNode = FALSE
	EndGlobalSection
	GlobalSection(NestedProjects) = preSolution
		{9C3718A0-873C-4ABE-A7E6-DE1B411E9755} = {A3FC0F3E-BC48-4CDF-8B67-C0C53330A050}
		{13B6852C-AB28-4BE1-BB9D-1DB06D5622F7} = {A3FC0F3E-BC48-4CDF-8B67-C0C53330A050}
		{FC700B7C-F230-4037-BD4E-D23299E7C30A} = {445204CB-9330-4BFB-B3AE-3AFCF13A3B99}
		{DBA7AA21-B800-4E96-9968-8691940C67BB} = {445204CB-9330-4BFB-B3AE-3AFCF13A3B99}
		{36A6334F-7154-4E12-A8C5-4439C1C72958} = {5003E640-BF0C-4A20-BA13-1E26BC33AC2E}
		{5039F510-BFDC-4297-85BE-FD5A010DF433} = {445204CB-9330-4BFB-B3AE-3AFCF13A3B99}
		{5F997609-441B-45AF-BD67-20C6AB45F7C0} = {A3FC0F3E-BC48-4CDF-8B67-C0C53330A050}
		{1072C789-8EBE-49BF-BC72-97E546FBC860} = {A3FC0F3E-BC48-4CDF-8B67-C0C53330A050}
		{00DF4702-EF94-4EF4-83B7-D2B6B645140C} = {445204CB-9330-4BFB-B3AE-3AFCF13A3B99}
		{2056A9BE-453A-48BB-A4DE-19FA2BC002BD} = {445204CB-9330-4BFB-B3AE-3AFCF13A3B99}
		{5F63F959-0C8B-4D9D-897E-4E7FD1A3238C} = {A3FC0F3E-BC48-4CDF-8B67-C0C53330A050}
		{3109BEED-58F9-4AC5-9DAC-62C9D8F3C9E1} = {A3FC0F3E-BC48-4CDF-8B67-C0C53330A050}
		{8DD2BF0F-E901-436A-B2C6-265DB85FC1F9} = {5003E640-BF0C-4A20-BA13-1E26BC33AC2E}
	EndGlobalSection
	GlobalSection(ExtensibilityGlobals) = postSolution
		SolutionGuid = {6A8E88FF-D94C-4AAA-AB3E-262A5DFD269A}
	EndGlobalSection
EndGlobal
